
Microsoft Visual Studio Solution File, Format Version 12.00
# Visual Studio Version 17
VisualStudioVersion = 17.2.32630.192
MinimumVisualStudioVersion = 10.0.40219.1
Project("{FAE04EC0-301F-11D3-BF4B-00C04F79EFBC}") = "CSharpExercises", "CSharpExercises\CSharpExercises.csproj", "{DC4FDBD9-B486-4725-8CDF-C3BED2FFE841}"
EndProject
Global
	GlobalSection(SolutionConfigurationPlatforms) = preSolution
		Debug|Any CPU = Debug|Any CPU
		Release|Any CPU = Release|Any CPU
	EndGlobalSection
	GlobalSection(ProjectConfigurationPlatforms) = postSolution
		{DC4FDBD9-B486-4725-8CDF-C3BED2FFE841}.Debug|Any CPU.ActiveCfg = Debug|Any CPU
		{DC4FDBD9-B486-4725-8CDF-C3BED2FFE841}.Debug|Any CPU.Build.0 = Debug|Any CPU
		{DC4FDBD9-B486-4725-8CDF-C3BED2FFE841}.Release|Any CPU.ActiveCfg = Release|Any CPU
		{DC4FDBD9-B486-4725-8CDF-C3BED2FFE841}.Release|Any CPU.Build.0 = Release|Any CPU
	EndGlobalSection
	GlobalSection(SolutionProperties) = preSolution
		HideSolutionNode = FALSE
	EndGlobalSection
	GlobalSection(ExtensibilityGlobals) = postSolution
		SolutionGuid = {7CCD5DC7-781E-46A1-BDC0-1494F5EE7A82}
	EndGlobalSection
EndGlobal
